// !$*UTF8*$!
{
	archiveVersion = 1;
	classes = {
	};
	objectVersion = 56;
	objects = {

/* Begin PBXBuildFile section */
		1C3F95DC98E2D8AACD766FFF /* Pods_CustomTabBarNavigation_CustomTabBarNavigationUITests.framework in Frameworks */ = {isa = PBXBuildFile; fileRef = ACB200E88C333C22D6513E41 /* Pods_CustomTabBarNavigation_CustomTabBarNavigationUITests.framework */; };
		7CE74686479904046B981837 /* Pods_CustomTabBarNavigation.framework in Frameworks */ = {isa = PBXBuildFile; fileRef = 517DED543895CC53D88DE27B /* Pods_CustomTabBarNavigation.framework */; };
		F52D9DCD2B8A024D00197228 /* CustomTabBarVew.swift in Sources */ = {isa = PBXBuildFile; fileRef = F52D9DCC2B8A024D00197228 /* CustomTabBarVew.swift */; };
		F52D9DD32B8A03A200197228 /* TabItems.swift in Sources */ = {isa = PBXBuildFile; fileRef = F52D9DD22B8A03A200197228 /* TabItems.swift */; };
		F52D9DD52B8A092200197228 /* TabViewModel.swift in Sources */ = {isa = PBXBuildFile; fileRef = F52D9DD42B8A092200197228 /* TabViewModel.swift */; };
		F52D9DD72B8A431000197228 /* AppConstants.swift in Sources */ = {isa = PBXBuildFile; fileRef = F52D9DD62B8A431000197228 /* AppConstants.swift */; };
		F52D9DDD2B8A55D400197228 /* TabBarPages.swift in Sources */ = {isa = PBXBuildFile; fileRef = F52D9DDC2B8A55D400197228 /* TabBarPages.swift */; };
		F52D9DEF2B8A58D200197228 /* HomeView.swift in Sources */ = {isa = PBXBuildFile; fileRef = F52D9DEE2B8A58D200197228 /* HomeView.swift */; };
		F52D9DF12B8A58E700197228 /* SearchView.swift in Sources */ = {isa = PBXBuildFile; fileRef = F52D9DF02B8A58E700197228 /* SearchView.swift */; };
		F52D9DF32B8A58F600197228 /* HistoryView.swift in Sources */ = {isa = PBXBuildFile; fileRef = F52D9DF22B8A58F600197228 /* HistoryView.swift */; };
		F52D9DF52B8A590500197228 /* ProfileView.swift in Sources */ = {isa = PBXBuildFile; fileRef = F52D9DF42B8A590500197228 /* ProfileView.swift */; };
		F52D9DF72B8A740F00197228 /* NextScreenView.swift in Sources */ = {isa = PBXBuildFile; fileRef = F52D9DF62B8A740F00197228 /* NextScreenView.swift */; };
		F53670782B88B0110050D4A5 /* CustomTabBarNavigationApp.swift in Sources */ = {isa = PBXBuildFile; fileRef = F53670772B88B0110050D4A5 /* CustomTabBarNavigationApp.swift */; };
		F536707A2B88B0110050D4A5 /* ContentView.swift in Sources */ = {isa = PBXBuildFile; fileRef = F53670792B88B0110050D4A5 /* ContentView.swift */; };
		F536707C2B88B0130050D4A5 /* Assets.xcassets in Resources */ = {isa = PBXBuildFile; fileRef = F536707B2B88B0130050D4A5 /* Assets.xcassets */; };
		F536707F2B88B0130050D4A5 /* Preview Assets.xcassets in Resources */ = {isa = PBXBuildFile; fileRef = F536707E2B88B0130050D4A5 /* Preview Assets.xcassets */; };
		F53670892B88B0130050D4A5 /* CustomTabBarNavigationTests.swift in Sources */ = {isa = PBXBuildFile; fileRef = F53670882B88B0130050D4A5 /* CustomTabBarNavigationTests.swift */; };
		F53670932B88B0130050D4A5 /* CustomTabBarNavigationUITests.swift in Sources */ = {isa = PBXBuildFile; fileRef = F53670922B88B0130050D4A5 /* CustomTabBarNavigationUITests.swift */; };
		F53670952B88B0130050D4A5 /* CustomTabBarNavigationUITestsLaunchTests.swift in Sources */ = {isa = PBXBuildFile; fileRef = F53670942B88B0130050D4A5 /* CustomTabBarNavigationUITestsLaunchTests.swift */; };
		F59BA5962B8A83B10035D599 /* CardTextViewModifier.swift in Sources */ = {isa = PBXBuildFile; fileRef = F59BA5952B8A83B10035D599 /* CardTextViewModifier.swift */; };
		F8E69A4ABFDAE0F4F7F5FDF5 /* Pods_CustomTabBarNavigationTests.framework in Frameworks */ = {isa = PBXBuildFile; fileRef = 82E0440B16A137B3B61668C3 /* Pods_CustomTabBarNavigationTests.framework */; };
/* End PBXBuildFile section */

/* Begin PBXContainerItemProxy section */
		F53670852B88B0130050D4A5 /* PBXContainerItemProxy */ = {
			isa = PBXContainerItemProxy;
			containerPortal = F536706C2B88B0110050D4A5 /* Project object */;
			proxyType = 1;
			remoteGlobalIDString = F53670732B88B0110050D4A5;
			remoteInfo = CustomTabBarNavigation;
		};
		F536708F2B88B0130050D4A5 /* PBXContainerItemProxy */ = {
			isa = PBXContainerItemProxy;
			containerPortal = F536706C2B88B0110050D4A5 /* Project object */;
			proxyType = 1;
			remoteGlobalIDString = F53670732B88B0110050D4A5;
			remoteInfo = CustomTabBarNavigation;
		};
/* End PBXContainerItemProxy section */

/* Begin PBXFileReference section */
		216E90B3FF845DD38D60D787 /* Pods-CustomTabBarNavigationTests.debug.xcconfig */ = {isa = PBXFileReference; includeInIndex = 1; lastKnownFileType = text.xcconfig; name = "Pods-CustomTabBarNavigationTests.debug.xcconfig"; path = "Target Support Files/Pods-CustomTabBarNavigationTests/Pods-CustomTabBarNavigationTests.debug.xcconfig"; sourceTree = "<group>"; };
		487DC75F577725C945539742 /* Pods-CustomTabBarNavigation-CustomTabBarNavigationUITests.release.xcconfig */ = {isa = PBXFileReference; includeInIndex = 1; lastKnownFileType = text.xcconfig; name = "Pods-CustomTabBarNavigation-CustomTabBarNavigationUITests.release.xcconfig"; path = "Target Support Files/Pods-CustomTabBarNavigation-CustomTabBarNavigationUITests/Pods-CustomTabBarNavigation-CustomTabBarNavigationUITests.release.xcconfig"; sourceTree = "<group>"; };
		517DED543895CC53D88DE27B /* Pods_CustomTabBarNavigation.framework */ = {isa = PBXFileReference; explicitFileType = wrapper.framework; includeInIndex = 0; path = Pods_CustomTabBarNavigation.framework; sourceTree = BUILT_PRODUCTS_DIR; };
		748DDB483D6A175038C80DB2 /* Pods-CustomTabBarNavigation.release.xcconfig */ = {isa = PBXFileReference; includeInIndex = 1; lastKnownFileType = text.xcconfig; name = "Pods-CustomTabBarNavigation.release.xcconfig"; path = "Target Support Files/Pods-CustomTabBarNavigation/Pods-CustomTabBarNavigation.release.xcconfig"; sourceTree = "<group>"; };
		7A63DB5A7551FF46FBD21764 /* Pods-CustomTabBarNavigationTests.release.xcconfig */ = {isa = PBXFileReference; includeInIndex = 1; lastKnownFileType = text.xcconfig; name = "Pods-CustomTabBarNavigationTests.release.xcconfig"; path = "Target Support Files/Pods-CustomTabBarNavigationTests/Pods-CustomTabBarNavigationTests.release.xcconfig"; sourceTree = "<group>"; };
		82E0440B16A137B3B61668C3 /* Pods_CustomTabBarNavigationTests.framework */ = {isa = PBXFileReference; explicitFileType = wrapper.framework; includeInIndex = 0; path = Pods_CustomTabBarNavigationTests.framework; sourceTree = BUILT_PRODUCTS_DIR; };
		A3123E0C70CA2F868D2CDFCE /* Pods-CustomTabBarNavigation-CustomTabBarNavigationUITests.debug.xcconfig */ = {isa = PBXFileReference; includeInIndex = 1; lastKnownFileType = text.xcconfig; name = "Pods-CustomTabBarNavigation-CustomTabBarNavigationUITests.debug.xcconfig"; path = "Target Support Files/Pods-CustomTabBarNavigation-CustomTabBarNavigationUITests/Pods-CustomTabBarNavigation-CustomTabBarNavigationUITests.debug.xcconfig"; sourceTree = "<group>"; };
		ACB200E88C333C22D6513E41 /* Pods_CustomTabBarNavigation_CustomTabBarNavigationUITests.framework */ = {isa = PBXFileReference; explicitFileType = wrapper.framework; includeInIndex = 0; path = Pods_CustomTabBarNavigation_CustomTabBarNavigationUITests.framework; sourceTree = BUILT_PRODUCTS_DIR; };
		CF74F70763DE69C58E77BEBF /* Pods-CustomTabBarNavigation.debug.xcconfig */ = {isa = PBXFileReference; includeInIndex = 1; lastKnownFileType = text.xcconfig; name = "Pods-CustomTabBarNavigation.debug.xcconfig"; path = "Target Support Files/Pods-CustomTabBarNavigation/Pods-CustomTabBarNavigation.debug.xcconfig"; sourceTree = "<group>"; };
		F52D9DCC2B8A024D00197228 /* CustomTabBarVew.swift */ = {isa = PBXFileReference; lastKnownFileType = sourcecode.swift; path = CustomTabBarVew.swift; sourceTree = "<group>"; };
		F52D9DD22B8A03A200197228 /* TabItems.swift */ = {isa = PBXFileReference; lastKnownFileType = sourcecode.swift; path = TabItems.swift; sourceTree = "<group>"; };
		F52D9DD42B8A092200197228 /* TabViewModel.swift */ = {isa = PBXFileReference; lastKnownFileType = sourcecode.swift; path = TabViewModel.swift; sourceTree = "<group>"; };
		F52D9DD62B8A431000197228 /* AppConstants.swift */ = {isa = PBXFileReference; lastKnownFileType = sourcecode.swift; path = AppConstants.swift; sourceTree = "<group>"; };
		F52D9DDC2B8A55D400197228 /* TabBarPages.swift */ = {isa = PBXFileReference; lastKnownFileType = sourcecode.swift; path = TabBarPages.swift; sourceTree = "<group>"; };
		F52D9DEE2B8A58D200197228 /* HomeView.swift */ = {isa = PBXFileReference; lastKnownFileType = sourcecode.swift; path = HomeView.swift; sourceTree = "<group>"; };
		F52D9DF02B8A58E700197228 /* SearchView.swift */ = {isa = PBXFileReference; lastKnownFileType = sourcecode.swift; path = SearchView.swift; sourceTree = "<group>"; };
		F52D9DF22B8A58F600197228 /* HistoryView.swift */ = {isa = PBXFileReference; lastKnownFileType = sourcecode.swift; path = HistoryView.swift; sourceTree = "<group>"; };
		F52D9DF42B8A590500197228 /* ProfileView.swift */ = {isa = PBXFileReference; lastKnownFileType = sourcecode.swift; path = ProfileView.swift; sourceTree = "<group>"; };
		F52D9DF62B8A740F00197228 /* NextScreenView.swift */ = {isa = PBXFileReference; lastKnownFileType = sourcecode.swift; path = NextScreenView.swift; sourceTree = "<group>"; };
		F53670742B88B0110050D4A5 /* CustomTabBarNavigation.app */ = {isa = PBXFileReference; explicitFileType = wrapper.application; includeInIndex = 0; path = CustomTabBarNavigation.app; sourceTree = BUILT_PRODUCTS_DIR; };
		F53670772B88B0110050D4A5 /* CustomTabBarNavigationApp.swift */ = {isa = PBXFileReference; lastKnownFileType = sourcecode.swift; path = CustomTabBarNavigationApp.swift; sourceTree = "<group>"; };
		F53670792B88B0110050D4A5 /* ContentView.swift */ = {isa = PBXFileReference; lastKnownFileType = sourcecode.swift; path = ContentView.swift; sourceTree = "<group>"; };
		F536707B2B88B0130050D4A5 /* Assets.xcassets */ = {isa = PBXFileReference; lastKnownFileType = folder.assetcatalog; path = Assets.xcassets; sourceTree = "<group>"; };
		F536707E2B88B0130050D4A5 /* Preview Assets.xcassets */ = {isa = PBXFileReference; lastKnownFileType = folder.assetcatalog; path = "Preview Assets.xcassets"; sourceTree = "<group>"; };
		F53670842B88B0130050D4A5 /* CustomTabBarNavigationTests.xctest */ = {isa = PBXFileReference; explicitFileType = wrapper.cfbundle; includeInIndex = 0; path = CustomTabBarNavigationTests.xctest; sourceTree = BUILT_PRODUCTS_DIR; };
		F53670882B88B0130050D4A5 /* CustomTabBarNavigationTests.swift */ = {isa = PBXFileReference; lastKnownFileType = sourcecode.swift; path = CustomTabBarNavigationTests.swift; sourceTree = "<group>"; };
		F536708E2B88B0130050D4A5 /* CustomTabBarNavigationUITests.xctest */ = {isa = PBXFileReference; explicitFileType = wrapper.cfbundle; includeInIndex = 0; path = CustomTabBarNavigationUITests.xctest; sourceTree = BUILT_PRODUCTS_DIR; };
		F53670922B88B0130050D4A5 /* CustomTabBarNavigationUITests.swift */ = {isa = PBXFileReference; lastKnownFileType = sourcecode.swift; path = CustomTabBarNavigationUITests.swift; sourceTree = "<group>"; };
		F53670942B88B0130050D4A5 /* CustomTabBarNavigationUITestsLaunchTests.swift */ = {isa = PBXFileReference; lastKnownFileType = sourcecode.swift; path = CustomTabBarNavigationUITestsLaunchTests.swift; sourceTree = "<group>"; };
		F59BA5952B8A83B10035D599 /* CardTextViewModifier.swift */ = {isa = PBXFileReference; lastKnownFileType = sourcecode.swift; path = CardTextViewModifier.swift; sourceTree = "<group>"; };
/* End PBXFileReference section */

/* Begin PBXFrameworksBuildPhase section */
		F53670712B88B0110050D4A5 /* Frameworks */ = {
			isa = PBXFrameworksBuildPhase;
			buildActionMask = 2147483647;
			files = (
				7CE74686479904046B981837 /* Pods_CustomTabBarNavigation.framework in Frameworks */,
			);
			runOnlyForDeploymentPostprocessing = 0;
		};
		F53670812B88B0130050D4A5 /* Frameworks */ = {
			isa = PBXFrameworksBuildPhase;
			buildActionMask = 2147483647;
			files = (
				F8E69A4ABFDAE0F4F7F5FDF5 /* Pods_CustomTabBarNavigationTests.framework in Frameworks */,
			);
			runOnlyForDeploymentPostprocessing = 0;
		};
		F536708B2B88B0130050D4A5 /* Frameworks */ = {
			isa = PBXFrameworksBuildPhase;
			buildActionMask = 2147483647;
			files = (
				1C3F95DC98E2D8AACD766FFF /* Pods_CustomTabBarNavigation_CustomTabBarNavigationUITests.framework in Frameworks */,
			);
			runOnlyForDeploymentPostprocessing = 0;
		};
/* End PBXFrameworksBuildPhase section */

/* Begin PBXGroup section */
		73B69F0ADB4B198CE8422145 /* Frameworks */ = {
			isa = PBXGroup;
			children = (
				517DED543895CC53D88DE27B /* Pods_CustomTabBarNavigation.framework */,
				ACB200E88C333C22D6513E41 /* Pods_CustomTabBarNavigation_CustomTabBarNavigationUITests.framework */,
				82E0440B16A137B3B61668C3 /* Pods_CustomTabBarNavigationTests.framework */,
			);
			name = Frameworks;
			sourceTree = "<group>";
		};
		CADCC2FEE552B754B830DA98 /* Pods */ = {
			isa = PBXGroup;
			children = (
				CF74F70763DE69C58E77BEBF /* Pods-CustomTabBarNavigation.debug.xcconfig */,
				748DDB483D6A175038C80DB2 /* Pods-CustomTabBarNavigation.release.xcconfig */,
				A3123E0C70CA2F868D2CDFCE /* Pods-CustomTabBarNavigation-CustomTabBarNavigationUITests.debug.xcconfig */,
				487DC75F577725C945539742 /* Pods-CustomTabBarNavigation-CustomTabBarNavigationUITests.release.xcconfig */,
				216E90B3FF845DD38D60D787 /* Pods-CustomTabBarNavigationTests.debug.xcconfig */,
				7A63DB5A7551FF46FBD21764 /* Pods-CustomTabBarNavigationTests.release.xcconfig */,
			);
			path = Pods;
			sourceTree = "<group>";
		};
		F52D9DC92B88C66D00197228 /* Constants */ = {
			isa = PBXGroup;
			children = (
				F52D9DD62B8A431000197228 /* AppConstants.swift */,
			);
			path = Constants;
			sourceTree = "<group>";
		};
		F52D9DCA2B88C67800197228 /* Features */ = {
			isa = PBXGroup;
			children = (
				F59BA5942B8A838B0035D599 /* ViewModifiers */,
				F52D9DE12B8A583E00197228 /* Profile */,
				F52D9DE02B8A582E00197228 /* Edit */,
				F52D9DDF2B8A581F00197228 /* Search */,
				F52D9DDE2B8A581400197228 /* Home */,
				F52D9DCE2B8A02C200197228 /* TabBar */,
			);
			path = Features;
			sourceTree = "<group>";
		};
		F52D9DCB2B88C68400197228 /* Services */ = {
			isa = PBXGroup;
			children = (
			);
			path = Services;
			sourceTree = "<group>";
		};
		F52D9DCE2B8A02C200197228 /* TabBar */ = {
			isa = PBXGroup;
			children = (
				F52D9DD12B8A02EE00197228 /* ViewModel */,
				F52D9DD02B8A02E700197228 /* Model */,
				F52D9DCF2B8A02DE00197228 /* View */,
			);
			path = TabBar;
			sourceTree = "<group>";
		};
		F52D9DCF2B8A02DE00197228 /* View */ = {
			isa = PBXGroup;
			children = (
				F52D9DCC2B8A024D00197228 /* CustomTabBarVew.swift */,
				F52D9DDC2B8A55D400197228 /* TabBarPages.swift */,
			);
			path = View;
			sourceTree = "<group>";
		};
		F52D9DD02B8A02E700197228 /* Model */ = {
			isa = PBXGroup;
			children = (
				F52D9DD22B8A03A200197228 /* TabItems.swift */,
			);
			path = Model;
			sourceTree = "<group>";
		};
		F52D9DD12B8A02EE00197228 /* ViewModel */ = {
			isa = PBXGroup;
			children = (
				F52D9DD42B8A092200197228 /* TabViewModel.swift */,
			);
			path = ViewModel;
			sourceTree = "<group>";
		};
		F52D9DDE2B8A581400197228 /* Home */ = {
			isa = PBXGroup;
			children = (
				F52D9DE42B8A586200197228 /* Model */,
				F52D9DE32B8A585800197228 /* ViewModel */,
				F52D9DE22B8A584E00197228 /* View */,
			);
			path = Home;
			sourceTree = "<group>";
		};
		F52D9DDF2B8A581F00197228 /* Search */ = {
			isa = PBXGroup;
			children = (
				F52D9DE72B8A588200197228 /* View */,
				F52D9DE62B8A587800197228 /* ViewModel */,
				F52D9DE52B8A587000197228 /* Model */,
			);
			path = Search;
			sourceTree = "<group>";
		};
		F52D9DE02B8A582E00197228 /* Edit */ = {
			isa = PBXGroup;
			children = (
				F52D9DEA2B8A589B00197228 /* Model */,
				F52D9DE92B8A589300197228 /* ViewModel */,
				F52D9DE82B8A588A00197228 /* View */,
			);
			path = Edit;
			sourceTree = "<group>";
		};
		F52D9DE12B8A583E00197228 /* Profile */ = {
			isa = PBXGroup;
			children = (
				F52D9DED2B8A58B900197228 /* Model */,
				F52D9DEC2B8A58AD00197228 /* ViewModel */,
				F52D9DEB2B8A58A400197228 /* View */,
			);
			path = Profile;
			sourceTree = "<group>";
		};
		F52D9DE22B8A584E00197228 /* View */ = {
			isa = PBXGroup;
			children = (
				F52D9DEE2B8A58D200197228 /* HomeView.swift */,
				F52D9DF62B8A740F00197228 /* NextScreenView.swift */,
			);
			path = View;
			sourceTree = "<group>";
		};
		F52D9DE32B8A585800197228 /* ViewModel */ = {
			isa = PBXGroup;
			children = (
			);
			path = ViewModel;
			sourceTree = "<group>";
		};
		F52D9DE42B8A586200197228 /* Model */ = {
			isa = PBXGroup;
			children = (
			);
			path = Model;
			sourceTree = "<group>";
		};
		F52D9DE52B8A587000197228 /* Model */ = {
			isa = PBXGroup;
			children = (
			);
			path = Model;
			sourceTree = "<group>";
		};
		F52D9DE62B8A587800197228 /* ViewModel */ = {
			isa = PBXGroup;
			children = (
			);
			path = ViewModel;
			sourceTree = "<group>";
		};
		F52D9DE72B8A588200197228 /* View */ = {
			isa = PBXGroup;
			children = (
				F52D9DF02B8A58E700197228 /* SearchView.swift */,
			);
			path = View;
			sourceTree = "<group>";
		};
		F52D9DE82B8A588A00197228 /* View */ = {
			isa = PBXGroup;
			children = (
				F52D9DF22B8A58F600197228 /* HistoryView.swift */,
			);
			path = View;
			sourceTree = "<group>";
		};
		F52D9DE92B8A589300197228 /* ViewModel */ = {
			isa = PBXGroup;
			children = (
			);
			path = ViewModel;
			sourceTree = "<group>";
		};
		F52D9DEA2B8A589B00197228 /* Model */ = {
			isa = PBXGroup;
			children = (
			);
			path = Model;
			sourceTree = "<group>";
		};
		F52D9DEB2B8A58A400197228 /* View */ = {
			isa = PBXGroup;
			children = (
				F52D9DF42B8A590500197228 /* ProfileView.swift */,
			);
			path = View;
			sourceTree = "<group>";
		};
		F52D9DEC2B8A58AD00197228 /* ViewModel */ = {
			isa = PBXGroup;
			children = (
			);
			path = ViewModel;
			sourceTree = "<group>";
		};
		F52D9DED2B8A58B900197228 /* Model */ = {
			isa = PBXGroup;
			children = (
			);
			path = Model;
			sourceTree = "<group>";
		};
		F536706B2B88B0110050D4A5 = {
			isa = PBXGroup;
			children = (
				F53670762B88B0110050D4A5 /* CustomTabBarNavigation */,
				F53670872B88B0130050D4A5 /* CustomTabBarNavigationTests */,
				F53670912B88B0130050D4A5 /* CustomTabBarNavigationUITests */,
				F53670752B88B0110050D4A5 /* Products */,
				CADCC2FEE552B754B830DA98 /* Pods */,
				73B69F0ADB4B198CE8422145 /* Frameworks */,
			);
			sourceTree = "<group>";
		};
		F53670752B88B0110050D4A5 /* Products */ = {
			isa = PBXGroup;
			children = (
				F53670742B88B0110050D4A5 /* CustomTabBarNavigation.app */,
				F53670842B88B0130050D4A5 /* CustomTabBarNavigationTests.xctest */,
				F536708E2B88B0130050D4A5 /* CustomTabBarNavigationUITests.xctest */,
			);
			name = Products;
			sourceTree = "<group>";
		};
		F53670762B88B0110050D4A5 /* CustomTabBarNavigation */ = {
			isa = PBXGroup;
			children = (
				F52D9DCB2B88C68400197228 /* Services */,
				F52D9DCA2B88C67800197228 /* Features */,
				F52D9DC92B88C66D00197228 /* Constants */,
				F53670772B88B0110050D4A5 /* CustomTabBarNavigationApp.swift */,
				F53670792B88B0110050D4A5 /* ContentView.swift */,
				F536707B2B88B0130050D4A5 /* Assets.xcassets */,
				F536707D2B88B0130050D4A5 /* Preview Content */,
			);
			path = CustomTabBarNavigation;
			sourceTree = "<group>";
		};
		F536707D2B88B0130050D4A5 /* Preview Content */ = {
			isa = PBXGroup;
			children = (
				F536707E2B88B0130050D4A5 /* Preview Assets.xcassets */,
			);
			path = "Preview Content";
			sourceTree = "<group>";
		};
		F53670872B88B0130050D4A5 /* CustomTabBarNavigationTests */ = {
			isa = PBXGroup;
			children = (
				F53670882B88B0130050D4A5 /* CustomTabBarNavigationTests.swift */,
			);
			path = CustomTabBarNavigationTests;
			sourceTree = "<group>";
		};
		F53670912B88B0130050D4A5 /* CustomTabBarNavigationUITests */ = {
			isa = PBXGroup;
			children = (
				F53670922B88B0130050D4A5 /* CustomTabBarNavigationUITests.swift */,
				F53670942B88B0130050D4A5 /* CustomTabBarNavigationUITestsLaunchTests.swift */,
			);
			path = CustomTabBarNavigationUITests;
			sourceTree = "<group>";
		};
		F59BA5942B8A838B0035D599 /* ViewModifiers */ = {
			isa = PBXGroup;
			children = (
				F59BA5952B8A83B10035D599 /* CardTextViewModifier.swift */,
			);
			path = ViewModifiers;
			sourceTree = "<group>";
		};
/* End PBXGroup section */

/* Begin PBXNativeTarget section */
		F53670732B88B0110050D4A5 /* CustomTabBarNavigation */ = {
			isa = PBXNativeTarget;
			buildConfigurationList = F53670982B88B0130050D4A5 /* Build configuration list for PBXNativeTarget "CustomTabBarNavigation" */;
			buildPhases = (
				0CD8DECAC50E6C631468C031 /* [CP] Check Pods Manifest.lock */,
				F53670702B88B0110050D4A5 /* Sources */,
				F53670712B88B0110050D4A5 /* Frameworks */,
				F53670722B88B0110050D4A5 /* Resources */,
			);
			buildRules = (
			);
			dependencies = (
			);
			name = CustomTabBarNavigation;
			productName = CustomTabBarNavigation;
			productReference = F53670742B88B0110050D4A5 /* CustomTabBarNavigation.app */;
			productType = "com.apple.product-type.application";
		};
		F53670832B88B0130050D4A5 /* CustomTabBarNavigationTests */ = {
			isa = PBXNativeTarget;
			buildConfigurationList = F536709B2B88B0130050D4A5 /* Build configuration list for PBXNativeTarget "CustomTabBarNavigationTests" */;
			buildPhases = (
				E70758C0337B4616E4D0F9F2 /* [CP] Check Pods Manifest.lock */,
				F53670802B88B0130050D4A5 /* Sources */,
				F53670812B88B0130050D4A5 /* Frameworks */,
				F53670822B88B0130050D4A5 /* Resources */,
			);
			buildRules = (
			);
			dependencies = (
				F53670862B88B0130050D4A5 /* PBXTargetDependency */,
			);
			name = CustomTabBarNavigationTests;
			productName = CustomTabBarNavigationTests;
			productReference = F53670842B88B0130050D4A5 /* CustomTabBarNavigationTests.xctest */;
			productType = "com.apple.product-type.bundle.unit-test";
		};
		F536708D2B88B0130050D4A5 /* CustomTabBarNavigationUITests */ = {
			isa = PBXNativeTarget;
			buildConfigurationList = F536709E2B88B0130050D4A5 /* Build configuration list for PBXNativeTarget "CustomTabBarNavigationUITests" */;
			buildPhases = (
				CEB71D17027FDB008C9232A3 /* [CP] Check Pods Manifest.lock */,
				F536708A2B88B0130050D4A5 /* Sources */,
				F536708B2B88B0130050D4A5 /* Frameworks */,
				F536708C2B88B0130050D4A5 /* Resources */,
			);
			buildRules = (
			);
			dependencies = (
				F53670902B88B0130050D4A5 /* PBXTargetDependency */,
			);
			name = CustomTabBarNavigationUITests;
			productName = CustomTabBarNavigationUITests;
			productReference = F536708E2B88B0130050D4A5 /* CustomTabBarNavigationUITests.xctest */;
			productType = "com.apple.product-type.bundle.ui-testing";
		};
/* End PBXNativeTarget section */

/* Begin PBXProject section */
		F536706C2B88B0110050D4A5 /* Project object */ = {
			isa = PBXProject;
			attributes = {
				BuildIndependentTargetsInParallel = 1;
				LastSwiftUpdateCheck = 1510;
				LastUpgradeCheck = 1510;
				TargetAttributes = {
					F53670732B88B0110050D4A5 = {
						CreatedOnToolsVersion = 15.1;
					};
					F53670832B88B0130050D4A5 = {
						CreatedOnToolsVersion = 15.1;
						TestTargetID = F53670732B88B0110050D4A5;
					};
					F536708D2B88B0130050D4A5 = {
						CreatedOnToolsVersion = 15.1;
						TestTargetID = F53670732B88B0110050D4A5;
					};
				};
			};
			buildConfigurationList = F536706F2B88B0110050D4A5 /* Build configuration list for PBXProject "CustomTabBarNavigation" */;
			compatibilityVersion = "Xcode 14.0";
			developmentRegion = en;
			hasScannedForEncodings = 0;
			knownRegions = (
				en,
				Base,
			);
			mainGroup = F536706B2B88B0110050D4A5;
			productRefGroup = F53670752B88B0110050D4A5 /* Products */;
			projectDirPath = "";
			projectRoot = "";
			targets = (
				F53670732B88B0110050D4A5 /* CustomTabBarNavigation */,
				F53670832B88B0130050D4A5 /* CustomTabBarNavigationTests */,
				F536708D2B88B0130050D4A5 /* CustomTabBarNavigationUITests */,
			);
		};
/* End PBXProject section */

/* Begin PBXResourcesBuildPhase section */
		F53670722B88B0110050D4A5 /* Resources */ = {
			isa = PBXResourcesBuildPhase;
			buildActionMask = 2147483647;
			files = (
				F536707F2B88B0130050D4A5 /* Preview Assets.xcassets in Resources */,
				F536707C2B88B0130050D4A5 /* Assets.xcassets in Resources */,
			);
			runOnlyForDeploymentPostprocessing = 0;
		};
		F53670822B88B0130050D4A5 /* Resources */ = {
			isa = PBXResourcesBuildPhase;
			buildActionMask = 2147483647;
			files = (
			);
			runOnlyForDeploymentPostprocessing = 0;
		};
		F536708C2B88B0130050D4A5 /* Resources */ = {
			isa = PBXResourcesBuildPhase;
			buildActionMask = 2147483647;
			files = (
			);
			runOnlyForDeploymentPostprocessing = 0;
		};
/* End PBXResourcesBuildPhase section */

/* Begin PBXShellScriptBuildPhase section */
		0CD8DECAC50E6C631468C031 /* [CP] Check Pods Manifest.lock */ = {
			isa = PBXShellScriptBuildPhase;
			buildActionMask = 2147483647;
			files = (
			);
			inputFileListPaths = (
			);
			inputPaths = (
				"${PODS_PODFILE_DIR_PATH}/Podfile.lock",
				"${PODS_ROOT}/Manifest.lock",
			);
			name = "[CP] Check Pods Manifest.lock";
			outputFileListPaths = (
			);
			outputPaths = (
				"$(DERIVED_FILE_DIR)/Pods-CustomTabBarNavigation-checkManifestLockResult.txt",
			);
			runOnlyForDeploymentPostprocessing = 0;
			shellPath = /bin/sh;
			shellScript = "diff \"${PODS_PODFILE_DIR_PATH}/Podfile.lock\" \"${PODS_ROOT}/Manifest.lock\" > /dev/null\nif [ $? != 0 ] ; then\n    # print error to STDERR\n    echo \"error: The sandbox is not in sync with the Podfile.lock. Run 'pod install' or update your CocoaPods installation.\" >&2\n    exit 1\nfi\n# This output is used by Xcode 'outputs' to avoid re-running this script phase.\necho \"SUCCESS\" > \"${SCRIPT_OUTPUT_FILE_0}\"\n";
			showEnvVarsInLog = 0;
		};
		CEB71D17027FDB008C9232A3 /* [CP] Check Pods Manifest.lock */ = {
			isa = PBXShellScriptBuildPhase;
			buildActionMask = 2147483647;
			files = (
			);
			inputFileListPaths = (
			);
			inputPaths = (
				"${PODS_PODFILE_DIR_PATH}/Podfile.lock",
				"${PODS_ROOT}/Manifest.lock",
			);
			name = "[CP] Check Pods Manifest.lock";
			outputFileListPaths = (
			);
			outputPaths = (
				"$(DERIVED_FILE_DIR)/Pods-CustomTabBarNavigation-CustomTabBarNavigationUITests-checkManifestLockResult.txt",
			);
			runOnlyForDeploymentPostprocessing = 0;
			shellPath = /bin/sh;
			shellScript = "diff \"${PODS_PODFILE_DIR_PATH}/Podfile.lock\" \"${PODS_ROOT}/Manifest.lock\" > /dev/null\nif [ $? != 0 ] ; then\n    # print error to STDERR\n    echo \"error: The sandbox is not in sync with the Podfile.lock. Run 'pod install' or update your CocoaPods installation.\" >&2\n    exit 1\nfi\n# This output is used by Xcode 'outputs' to avoid re-running this script phase.\necho \"SUCCESS\" > \"${SCRIPT_OUTPUT_FILE_0}\"\n";
			showEnvVarsInLog = 0;
		};
		E70758C0337B4616E4D0F9F2 /* [CP] Check Pods Manifest.lock */ = {
			isa = PBXShellScriptBuildPhase;
			buildActionMask = 2147483647;
			files = (
			);
			inputFileListPaths = (
			);
			inputPaths = (
				"${PODS_PODFILE_DIR_PATH}/Podfile.lock",
				"${PODS_ROOT}/Manifest.lock",
			);
			name = "[CP] Check Pods Manifest.lock";
			outputFileListPaths = (
			);
			outputPaths = (
				"$(DERIVED_FILE_DIR)/Pods-CustomTabBarNavigationTests-checkManifestLockResult.txt",
			);
			runOnlyForDeploymentPostprocessing = 0;
			shellPath = /bin/sh;
			shellScript = "diff \"${PODS_PODFILE_DIR_PATH}/Podfile.lock\" \"${PODS_ROOT}/Manifest.lock\" > /dev/null\nif [ $? != 0 ] ; then\n    # print error to STDERR\n    echo \"error: The sandbox is not in sync with the Podfile.lock. Run 'pod install' or update your CocoaPods installation.\" >&2\n    exit 1\nfi\n# This output is used by Xcode 'outputs' to avoid re-running this script phase.\necho \"SUCCESS\" > \"${SCRIPT_OUTPUT_FILE_0}\"\n";
			showEnvVarsInLog = 0;
		};
/* End PBXShellScriptBuildPhase section */

/* Begin PBXSourcesBuildPhase section */
		F53670702B88B0110050D4A5 /* Sources */ = {
			isa = PBXSourcesBuildPhase;
			buildActionMask = 2147483647;
			files = (
				F52D9DDD2B8A55D400197228 /* TabBarPages.swift in Sources */,
				F52D9DF72B8A740F00197228 /* NextScreenView.swift in Sources */,
				F52D9DF12B8A58E700197228 /* SearchView.swift in Sources */,
				F52D9DCD2B8A024D00197228 /* CustomTabBarVew.swift in Sources */,
				F52D9DD72B8A431000197228 /* AppConstants.swift in Sources */,
				F536707A2B88B0110050D4A5 /* ContentView.swift in Sources */,
				F52D9DD32B8A03A200197228 /* TabItems.swift in Sources */,
				F59BA5962B8A83B10035D599 /* CardTextViewModifier.swift in Sources */,
				F52D9DF32B8A58F600197228 /* HistoryView.swift in Sources */,
				F52D9DEF2B8A58D200197228 /* HomeView.swift in Sources */,
				F53670782B88B0110050D4A5 /* CustomTabBarNavigationApp.swift in Sources */,
				F52D9DF52B8A590500197228 /* ProfileView.swift in Sources */,
				F52D9DD52B8A092200197228 /* TabViewModel.swift in Sources */,
			);
			runOnlyForDeploymentPostprocessing = 0;
		};
		F53670802B88B0130050D4A5 /* Sources */ = {
			isa = PBXSourcesBuildPhase;
			buildActionMask = 2147483647;
			files = (
				F53670892B88B0130050D4A5 /* CustomTabBarNavigationTests.swift in Sources */,
			);
			runOnlyForDeploymentPostprocessing = 0;
		};
		F536708A2B88B0130050D4A5 /* Sources */ = {
			isa = PBXSourcesBuildPhase;
			buildActionMask = 2147483647;
			files = (
				F53670932B88B0130050D4A5 /* CustomTabBarNavigationUITests.swift in Sources */,
				F53670952B88B0130050D4A5 /* CustomTabBarNavigationUITestsLaunchTests.swift in Sources */,
			);
			runOnlyForDeploymentPostprocessing = 0;
		};
/* End PBXSourcesBuildPhase section */

/* Begin PBXTargetDependency section */
		F53670862B88B0130050D4A5 /* PBXTargetDependency */ = {
			isa = PBXTargetDependency;
			target = F53670732B88B0110050D4A5 /* CustomTabBarNavigation */;
			targetProxy = F53670852B88B0130050D4A5 /* PBXContainerItemProxy */;
		};
		F53670902B88B0130050D4A5 /* PBXTargetDependency */ = {
			isa = PBXTargetDependency;
			target = F53670732B88B0110050D4A5 /* CustomTabBarNavigation */;
			targetProxy = F536708F2B88B0130050D4A5 /* PBXContainerItemProxy */;
		};
/* End PBXTargetDependency section */

/* Begin XCBuildConfiguration section */
		F53670962B88B0130050D4A5 /* Debug */ = {
			isa = XCBuildConfiguration;
			buildSettings = {
				ALWAYS_SEARCH_USER_PATHS = NO;
				ASSETCATALOG_COMPILER_GENERATE_SWIFT_ASSET_SYMBOL_EXTENSIONS = YES;
				CLANG_ANALYZER_NONNULL = YES;
				CLANG_ANALYZER_NUMBER_OBJECT_CONVERSION = YES_AGGRESSIVE;
				CLANG_CXX_LANGUAGE_STANDARD = "gnu++20";
				CLANG_ENABLE_MODULES = YES;
				CLANG_ENABLE_OBJC_ARC = YES;
				CLANG_ENABLE_OBJC_WEAK = YES;
				CLANG_WARN_BLOCK_CAPTURE_AUTORELEASING = YES;
				CLANG_WARN_BOOL_CONVERSION = YES;
				CLANG_WARN_COMMA = YES;
				CLANG_WARN_CONSTANT_CONVERSION = YES;
				CLANG_WARN_DEPRECATED_OBJC_IMPLEMENTATIONS = YES;
				CLANG_WARN_DIRECT_OBJC_ISA_USAGE = YES_ERROR;
				CLANG_WARN_DOCUMENTATION_COMMENTS = YES;
				CLANG_WARN_EMPTY_BODY = YES;
				CLANG_WARN_ENUM_CONVERSION = YES;
				CLANG_WARN_INFINITE_RECURSION = YES;
				CLANG_WARN_INT_CONVERSION = YES;
				CLANG_WARN_NON_LITERAL_NULL_CONVERSION = YES;
				CLANG_WARN_OBJC_IMPLICIT_RETAIN_SELF = YES;
				CLANG_WARN_OBJC_LITERAL_CONVERSION = YES;
				CLANG_WARN_OBJC_ROOT_CLASS = YES_ERROR;
				CLANG_WARN_QUOTED_INCLUDE_IN_FRAMEWORK_HEADER = YES;
				CLANG_WARN_RANGE_LOOP_ANALYSIS = YES;
				CLANG_WARN_STRICT_PROTOTYPES = YES;
				CLANG_WARN_SUSPICIOUS_MOVE = YES;
				CLANG_WARN_UNGUARDED_AVAILABILITY = YES_AGGRESSIVE;
				CLANG_WARN_UNREACHABLE_CODE = YES;
				CLANG_WARN__DUPLICATE_METHOD_MATCH = YES;
				COPY_PHASE_STRIP = NO;
				DEBUG_INFORMATION_FORMAT = dwarf;
				ENABLE_STRICT_OBJC_MSGSEND = YES;
				ENABLE_TESTABILITY = YES;
				ENABLE_USER_SCRIPT_SANDBOXING = YES;
				GCC_C_LANGUAGE_STANDARD = gnu17;
				GCC_DYNAMIC_NO_PIC = NO;
				GCC_NO_COMMON_BLOCKS = YES;
				GCC_OPTIMIZATION_LEVEL = 0;
				GCC_PREPROCESSOR_DEFINITIONS = (
					"DEBUG=1",
					"$(inherited)",
				);
				GCC_WARN_64_TO_32_BIT_CONVERSION = YES;
				GCC_WARN_ABOUT_RETURN_TYPE = YES_ERROR;
				GCC_WARN_UNDECLARED_SELECTOR = YES;
				GCC_WARN_UNINITIALIZED_AUTOS = YES_AGGRESSIVE;
				GCC_WARN_UNUSED_FUNCTION = YES;
				GCC_WARN_UNUSED_VARIABLE = YES;
				IPHONEOS_DEPLOYMENT_TARGET = 17.2;
				LOCALIZATION_PREFERS_STRING_CATALOGS = YES;
				MTL_ENABLE_DEBUG_INFO = INCLUDE_SOURCE;
				MTL_FAST_MATH = YES;
				ONLY_ACTIVE_ARCH = YES;
				SDKROOT = iphoneos;
				SWIFT_ACTIVE_COMPILATION_CONDITIONS = "DEBUG $(inherited)";
				SWIFT_OPTIMIZATION_LEVEL = "-Onone";
			};
			name = Debug;
		};
		F53670972B88B0130050D4A5 /* Release */ = {
			isa = XCBuildConfiguration;
			buildSettings = {
				ALWAYS_SEARCH_USER_PATHS = NO;
				ASSETCATALOG_COMPILER_GENERATE_SWIFT_ASSET_SYMBOL_EXTENSIONS = YES;
				CLANG_ANALYZER_NONNULL = YES;
				CLANG_ANALYZER_NUMBER_OBJECT_CONVERSION = YES_AGGRESSIVE;
				CLANG_CXX_LANGUAGE_STANDARD = "gnu++20";
				CLANG_ENABLE_MODULES = YES;
				CLANG_ENABLE_OBJC_ARC = YES;
				CLANG_ENABLE_OBJC_WEAK = YES;
				CLANG_WARN_BLOCK_CAPTURE_AUTORELEASING = YES;
				CLANG_WARN_BOOL_CONVERSION = YES;
				CLANG_WARN_COMMA = YES;
				CLANG_WARN_CONSTANT_CONVERSION = YES;
				CLANG_WARN_DEPRECATED_OBJC_IMPLEMENTATIONS = YES;
				CLANG_WARN_DIRECT_OBJC_ISA_USAGE = YES_ERROR;
				CLANG_WARN_DOCUMENTATION_COMMENTS = YES;
				CLANG_WARN_EMPTY_BODY = YES;
				CLANG_WARN_ENUM_CONVERSION = YES;
				CLANG_WARN_INFINITE_RECURSION = YES;
				CLANG_WARN_INT_CONVERSION = YES;
				CLANG_WARN_NON_LITERAL_NULL_CONVERSION = YES;
				CLANG_WARN_OBJC_IMPLICIT_RETAIN_SELF = YES;
				CLANG_WARN_OBJC_LITERAL_CONVERSION = YES;
				CLANG_WARN_OBJC_ROOT_CLASS = YES_ERROR;
				CLANG_WARN_QUOTED_INCLUDE_IN_FRAMEWORK_HEADER = YES;
				CLANG_WARN_RANGE_LOOP_ANALYSIS = YES;
				CLANG_WARN_STRICT_PROTOTYPES = YES;
				CLANG_WARN_SUSPICIOUS_MOVE = YES;
				CLANG_WARN_UNGUARDED_AVAILABILITY = YES_AGGRESSIVE;
				CLANG_WARN_UNREACHABLE_CODE = YES;
				CLANG_WARN__DUPLICATE_METHOD_MATCH = YES;
				COPY_PHASE_STRIP = NO;
				DEBUG_INFORMATION_FORMAT = "dwarf-with-dsym";
				ENABLE_NS_ASSERTIONS = NO;
				ENABLE_STRICT_OBJC_MSGSEND = YES;
				ENABLE_USER_SCRIPT_SANDBOXING = YES;
				GCC_C_LANGUAGE_STANDARD = gnu17;
				GCC_NO_COMMON_BLOCKS = YES;
				GCC_WARN_64_TO_32_BIT_CONVERSION = YES;
				GCC_WARN_ABOUT_RETURN_TYPE = YES_ERROR;
				GCC_WARN_UNDECLARED_SELECTOR = YES;
				GCC_WARN_UNINITIALIZED_AUTOS = YES_AGGRESSIVE;
				GCC_WARN_UNUSED_FUNCTION = YES;
				GCC_WARN_UNUSED_VARIABLE = YES;
				IPHONEOS_DEPLOYMENT_TARGET = 17.2;
				LOCALIZATION_PREFERS_STRING_CATALOGS = YES;
				MTL_ENABLE_DEBUG_INFO = NO;
				MTL_FAST_MATH = YES;
				SDKROOT = iphoneos;
				SWIFT_COMPILATION_MODE = wholemodule;
				VALIDATE_PRODUCT = YES;
			};
			name = Release;
		};
		F53670992B88B0130050D4A5 /* Debug */ = {
			isa = XCBuildConfiguration;
			baseConfigurationReference = CF74F70763DE69C58E77BEBF /* Pods-CustomTabBarNavigation.debug.xcconfig */;
			buildSettings = {
				ASSETCATALOG_COMPILER_APPICON_NAME = AppIcon;
				ASSETCATALOG_COMPILER_GLOBAL_ACCENT_COLOR_NAME = AccentColor;
				CODE_SIGN_STYLE = Automatic;
				CURRENT_PROJECT_VERSION = 1;
				DEVELOPMENT_ASSET_PATHS = "\"CustomTabBarNavigation/Preview Content\"";
				DEVELOPMENT_TEAM = G72BPQSG2L;
				ENABLE_PREVIEWS = YES;
				GENERATE_INFOPLIST_FILE = YES;
				INFOPLIST_KEY_UIApplicationSceneManifest_Generation = YES;
				INFOPLIST_KEY_UIApplicationSupportsIndirectInputEvents = YES;
				INFOPLIST_KEY_UILaunchScreen_Generation = YES;
				INFOPLIST_KEY_UISupportedInterfaceOrientations_iPad = "UIInterfaceOrientationPortrait UIInterfaceOrientationPortraitUpsideDown UIInterfaceOrientationLandscapeLeft UIInterfaceOrientationLandscapeRight";
				INFOPLIST_KEY_UISupportedInterfaceOrientations_iPhone = "UIInterfaceOrientationPortrait UIInterfaceOrientationLandscapeLeft UIInterfaceOrientationLandscapeRight";
				LD_RUNPATH_SEARCH_PATHS = (
					"$(inherited)",
					"@executable_path/Frameworks",
				);
				MARKETING_VERSION = 1.0;
				PRODUCT_BUNDLE_IDENTIFIER = senilaconstantin.CustomTabBarNavigation;
				PRODUCT_NAME = "$(TARGET_NAME)";
				SWIFT_EMIT_LOC_STRINGS = YES;
				SWIFT_VERSION = 5.0;
				TARGETED_DEVICE_FAMILY = "1,2";
			};
			name = Debug;
		};
		F536709A2B88B0130050D4A5 /* Release */ = {
			isa = XCBuildConfiguration;
			baseConfigurationReference = 748DDB483D6A175038C80DB2 /* Pods-CustomTabBarNavigation.release.xcconfig */;
			buildSettings = {
				ASSETCATALOG_COMPILER_APPICON_NAME = AppIcon;
				ASSETCATALOG_COMPILER_GLOBAL_ACCENT_COLOR_NAME = AccentColor;
				CODE_SIGN_STYLE = Automatic;
				CURRENT_PROJECT_VERSION = 1;
				DEVELOPMENT_ASSET_PATHS = "\"CustomTabBarNavigation/Preview Content\"";
				DEVELOPMENT_TEAM = G72BPQSG2L;
				ENABLE_PREVIEWS = YES;
				GENERATE_INFOPLIST_FILE = YES;
				INFOPLIST_KEY_UIApplicationSceneManifest_Generation = YES;
				INFOPLIST_KEY_UIApplicationSupportsIndirectInputEvents = YES;
				INFOPLIST_KEY_UILaunchScreen_Generation = YES;
				INFOPLIST_KEY_UISupportedInterfaceOrientations_iPad = "UIInterfaceOrientationPortrait UIInterfaceOrientationPortraitUpsideDown UIInterfaceOrientationLandscapeLeft UIInterfaceOrientationLandscapeRight";
				INFOPLIST_KEY_UISupportedInterfaceOrientations_iPhone = "UIInterfaceOrientationPortrait UIInterfaceOrientationLandscapeLeft UIInterfaceOrientationLandscapeRight";
				LD_RUNPATH_SEARCH_PATHS = (
					"$(inherited)",
					"@executable_path/Frameworks",
				);
				MARKETING_VERSION = 1.0;
				PRODUCT_BUNDLE_IDENTIFIER = senilaconstantin.CustomTabBarNavigation;
				PRODUCT_NAME = "$(TARGET_NAME)";
				SWIFT_EMIT_LOC_STRINGS = YES;
				SWIFT_VERSION = 5.0;
				TARGETED_DEVICE_FAMILY = "1,2";
			};
			name = Release;
		};
		F536709C2B88B0130050D4A5 /* Debug */ = {
			isa = XCBuildConfiguration;
			baseConfigurationReference = 216E90B3FF845DD38D60D787 /* Pods-CustomTabBarNavigationTests.debug.xcconfig */;
			buildSettings = {
				ALWAYS_EMBED_SWIFT_STANDARD_LIBRARIES = YES;
				BUNDLE_LOADER = "$(TEST_HOST)";
				CODE_SIGN_STYLE = Automatic;
				CURRENT_PROJECT_VERSION = 1;
				DEVELOPMENT_TEAM = G72BPQSG2L;
				GENERATE_INFOPLIST_FILE = YES;
				IPHONEOS_DEPLOYMENT_TARGET = 17.2;
				MARKETING_VERSION = 1.0;
				PRODUCT_BUNDLE_IDENTIFIER = senilaconstantin.CustomTabBarNavigationTests;
				PRODUCT_NAME = "$(TARGET_NAME)";
				SWIFT_EMIT_LOC_STRINGS = NO;
				SWIFT_VERSION = 5.0;
				TARGETED_DEVICE_FAMILY = "1,2";
				TEST_HOST = "$(BUILT_PRODUCTS_DIR)/CustomTabBarNavigation.app/$(BUNDLE_EXECUTABLE_FOLDER_PATH)/CustomTabBarNavigation";
			};
			name = Debug;
		};
		F536709D2B88B0130050D4A5 /* Release */ = {
			isa = XCBuildConfiguration;
			baseConfigurationReference = 7A63DB5A7551FF46FBD21764 /* Pods-CustomTabBarNavigationTests.release.xcconfig */;
			buildSettings = {
				ALWAYS_EMBED_SWIFT_STANDARD_LIBRARIES = YES;
				BUNDLE_LOADER = "$(TEST_HOST)";
				CODE_SIGN_STYLE = Automatic;
				CURRENT_PROJECT_VERSION = 1;
				DEVELOPMENT_TEAM = G72BPQSG2L;
				GENERATE_INFOPLIST_FILE = YES;
				IPHONEOS_DEPLOYMENT_TARGET = 17.2;
				MARKETING_VERSION = 1.0;
				PRODUCT_BUNDLE_IDENTIFIER = senilaconstantin.CustomTabBarNavigationTests;
				PRODUCT_NAME = "$(TARGET_NAME)";
				SWIFT_EMIT_LOC_STRINGS = NO;
				SWIFT_VERSION = 5.0;
				TARGETED_DEVICE_FAMILY = "1,2";
				TEST_HOST = "$(BUILT_PRODUCTS_DIR)/CustomTabBarNavigation.app/$(BUNDLE_EXECUTABLE_FOLDER_PATH)/CustomTabBarNavigation";
			};
			name = Release;
		};
		F536709F2B88B0130050D4A5 /* Debug */ = {
			isa = XCBuildConfiguration;
			baseConfigurationReference = A3123E0C70CA2F868D2CDFCE /* Pods-CustomTabBarNavigation-CustomTabBarNavigationUITests.debug.xcconfig */;
			buildSettings = {
				ALWAYS_EMBED_SWIFT_STANDARD_LIBRARIES = YES;
				CODE_SIGN_STYLE = Automatic;
				CURRENT_PROJECT_VERSION = 1;
				DEVELOPMENT_TEAM = G72BPQSG2L;
				GENERATE_INFOPLIST_FILE = YES;
				MARKETING_VERSION = 1.0;
				PRODUCT_BUNDLE_IDENTIFIER = senilaconstantin.CustomTabBarNavigationUITests;
				PRODUCT_NAME = "$(TARGET_NAME)";
				SWIFT_EMIT_LOC_STRINGS = NO;
				SWIFT_VERSION = 5.0;
				TARGETED_DEVICE_FAMILY = "1,2";
				TEST_TARGET_NAME = CustomTabBarNavigation;
			};
			name = Debug;
		};
		F53670A02B88B0130050D4A5 /* Release */ = {
			isa = XCBuildConfiguration;
			baseConfigurationReference = 487DC75F577725C945539742 /* Pods-CustomTabBarNavigation-CustomTabBarNavigationUITests.release.xcconfig */;
			buildSettings = {
				ALWAYS_EMBED_SWIFT_STANDARD_LIBRARIES = YES;
				CODE_SIGN_STYLE = Automatic;
				CURRENT_PROJECT_VERSION = 1;
				DEVELOPMENT_TEAM = G72BPQSG2L;
				GENERATE_INFOPLIST_FILE = YES;
				MARKETING_VERSION = 1.0;
				PRODUCT_BUNDLE_IDENTIFIER = senilaconstantin.CustomTabBarNavigationUITests;
				PRODUCT_NAME = "$(TARGET_NAME)";
				SWIFT_EMIT_LOC_STRINGS = NO;
				SWIFT_VERSION = 5.0;
				TARGETED_DEVICE_FAMILY = "1,2";
				TEST_TARGET_NAME = CustomTabBarNavigation;
			};
			name = Release;
		};
/* End XCBuildConfiguration section */

/* Begin XCConfigurationList section */
		F536706F2B88B0110050D4A5 /* Build configuration list for PBXProject "CustomTabBarNavigation" */ = {
			isa = XCConfigurationList;
			buildConfigurations = (
				F53670962B88B0130050D4A5 /* Debug */,
				F53670972B88B0130050D4A5 /* Release */,
			);
			defaultConfigurationIsVisible = 0;
			defaultConfigurationName = Release;
		};
		F53670982B88B0130050D4A5 /* Build configuration list for PBXNativeTarget "CustomTabBarNavigation" */ = {
			isa = XCConfigurationList;
			buildConfigurations = (
				F53670992B88B0130050D4A5 /* Debug */,
				F536709A2B88B0130050D4A5 /* Release */,
			);
			defaultConfigurationIsVisible = 0;
			defaultConfigurationName = Release;
		};
		F536709B2B88B0130050D4A5 /* Build configuration list for PBXNativeTarget "CustomTabBarNavigationTests" */ = {
			isa = XCConfigurationList;
			buildConfigurations = (
				F536709C2B88B0130050D4A5 /* Debug */,
				F536709D2B88B0130050D4A5 /* Release */,
			);
			defaultConfigurationIsVisible = 0;
			defaultConfigurationName = Release;
		};
		F536709E2B88B0130050D4A5 /* Build configuration list for PBXNativeTarget "CustomTabBarNavigationUITests" */ = {
			isa = XCConfigurationList;
			buildConfigurations = (
				F536709F2B88B0130050D4A5 /* Debug */,
				F53670A02B88B0130050D4A5 /* Release */,
			);
			defaultConfigurationIsVisible = 0;
			defaultConfigurationName = Release;
		};
/* End XCConfigurationList section */
	};
	rootObject = F536706C2B88B0110050D4A5 /* Project object */;
}
